// !$*UTF8*$!
{
	archiveVersion = 1;
	classes = {
	};
	objectVersion = 56;
	objects = {

/* Begin PBXBuildFile section */
		296A97522C77C8AF002744A4 /* ViewModifiers.swift in Sources */ = {isa = PBXBuildFile; fileRef = 296A97512C77C8AF002744A4 /* ViewModifiers.swift */; };
		296A97542C77C93A002744A4 /* ViewExtensions.swift in Sources */ = {isa = PBXBuildFile; fileRef = 296A97532C77C93A002744A4 /* ViewExtensions.swift */; };
		29A3129A2C751D4F00BE0918 /* PlacesApp.swift in Sources */ = {isa = PBXBuildFile; fileRef = 29A312992C751D4F00BE0918 /* PlacesApp.swift */; };
		29A3129E2C751D4F00BE0918 /* Item.swift in Sources */ = {isa = PBXBuildFile; fileRef = 29A3129D2C751D4F00BE0918 /* Item.swift */; };
		29A312A02C751D5000BE0918 /* Assets.xcassets in Resources */ = {isa = PBXBuildFile; fileRef = 29A3129F2C751D5000BE0918 /* Assets.xcassets */; };
		29A312A42C751D5000BE0918 /* Preview Assets.xcassets in Resources */ = {isa = PBXBuildFile; fileRef = 29A312A32C751D5000BE0918 /* Preview Assets.xcassets */; };
		29A312B82C751D5000BE0918 /* PlacesUITests.swift in Sources */ = {isa = PBXBuildFile; fileRef = 29A312B72C751D5000BE0918 /* PlacesUITests.swift */; };
		29A312BA2C751D5000BE0918 /* PlacesUITestsLaunchTests.swift in Sources */ = {isa = PBXBuildFile; fileRef = 29A312B92C751D5000BE0918 /* PlacesUITestsLaunchTests.swift */; };
		29A312C72C751DD400BE0918 /* LocationsView.swift in Sources */ = {isa = PBXBuildFile; fileRef = 29A312C62C751DD400BE0918 /* LocationsView.swift */; };
		29A312CB2C75215F00BE0918 /* NetworkManager.swift in Sources */ = {isa = PBXBuildFile; fileRef = 29A312CA2C75215F00BE0918 /* NetworkManager.swift */; };
		29A312CD2C7521B900BE0918 /* BaseRequest.swift in Sources */ = {isa = PBXBuildFile; fileRef = 29A312CC2C7521B900BE0918 /* BaseRequest.swift */; };
		29A312CF2C75221200BE0918 /* LocationsViewModel.swift in Sources */ = {isa = PBXBuildFile; fileRef = 29A312CE2C75221200BE0918 /* LocationsViewModel.swift */; };
		29A312D12C75226500BE0918 /* LocationsRequest.swift in Sources */ = {isa = PBXBuildFile; fileRef = 29A312D02C75226500BE0918 /* LocationsRequest.swift */; };
		29A312D42C7522CF00BE0918 /* Locations.swift in Sources */ = {isa = PBXBuildFile; fileRef = 29A312D32C7522CF00BE0918 /* Locations.swift */; };
		29A312D72C75241600BE0918 /* DictionaryExtension.swift in Sources */ = {isa = PBXBuildFile; fileRef = 29A312D62C75241600BE0918 /* DictionaryExtension.swift */; };
		29A312D92C75243D00BE0918 /* EncodableExtension.swift in Sources */ = {isa = PBXBuildFile; fileRef = 29A312D82C75243D00BE0918 /* EncodableExtension.swift */; };
		29A312E22C75314F00BE0918 /* Localizable.strings in Resources */ = {isa = PBXBuildFile; fileRef = 29A312E02C75314F00BE0918 /* Localizable.strings */; };
		29A312E42C75318500BE0918 /* LocalizableStrings.swift in Sources */ = {isa = PBXBuildFile; fileRef = 29A312E32C75318400BE0918 /* LocalizableStrings.swift */; };
		29A312E72C75363600BE0918 /* StringExtension.swift in Sources */ = {isa = PBXBuildFile; fileRef = 29A312E62C75363600BE0918 /* StringExtension.swift */; };
		29A312EA2C753D3700BE0918 /* PopupView.swift in Sources */ = {isa = PBXBuildFile; fileRef = 29A312E92C753D3700BE0918 /* PopupView.swift */; };
		29A312F22C760E0200BE0918 /* FormatHelper.swift in Sources */ = {isa = PBXBuildFile; fileRef = 29A312F12C760E0200BE0918 /* FormatHelper.swift */; };
		29A312F42C760E1B00BE0918 /* DeeplinkHelper.swift in Sources */ = {isa = PBXBuildFile; fileRef = 29A312F32C760E1B00BE0918 /* DeeplinkHelper.swift */; };
		29A313032C77580C00BE0918 /* StringExtensionTests.swift in Sources */ = {isa = PBXBuildFile; fileRef = 29A313022C77580C00BE0918 /* StringExtensionTests.swift */; };
		29A313052C775ACF00BE0918 /* FormatterTests.swift in Sources */ = {isa = PBXBuildFile; fileRef = 29A313042C775ACF00BE0918 /* FormatterTests.swift */; };
		29A313072C775CFC00BE0918 /* DictionaryExtentionTests.swift in Sources */ = {isa = PBXBuildFile; fileRef = 29A313062C775CFC00BE0918 /* DictionaryExtentionTests.swift */; };
		29A3130C2C7761AD00BE0918 /* MockNetworkManager.swift in Sources */ = {isa = PBXBuildFile; fileRef = 29A3130B2C7761AD00BE0918 /* MockNetworkManager.swift */; };
		29A313172C7762B700BE0918 /* LocationDummy.json in Resources */ = {isa = PBXBuildFile; fileRef = 29A313152C7762B700BE0918 /* LocationDummy.json */; };
		29A313192C7762E900BE0918 /* LocationViewModelTests.swift in Sources */ = {isa = PBXBuildFile; fileRef = 29A313182C7762E900BE0918 /* LocationViewModelTests.swift */; };
		29A3131B2C77647500BE0918 /* Mockable.swift in Sources */ = {isa = PBXBuildFile; fileRef = 29A3131A2C77647500BE0918 /* Mockable.swift */; };
/* End PBXBuildFile section */

/* Begin PBXContainerItemProxy section */
		29A312AA2C751D5000BE0918 /* PBXContainerItemProxy */ = {
			isa = PBXContainerItemProxy;
			containerPortal = 29A3128E2C751D4F00BE0918 /* Project object */;
			proxyType = 1;
			remoteGlobalIDString = 29A312952C751D4F00BE0918;
			remoteInfo = Places;
		};
		29A312B42C751D5000BE0918 /* PBXContainerItemProxy */ = {
			isa = PBXContainerItemProxy;
			containerPortal = 29A3128E2C751D4F00BE0918 /* Project object */;
			proxyType = 1;
			remoteGlobalIDString = 29A312952C751D4F00BE0918;
			remoteInfo = Places;
		};
/* End PBXContainerItemProxy section */

/* Begin PBXFileReference section */
		296A97512C77C8AF002744A4 /* ViewModifiers.swift */ = {isa = PBXFileReference; lastKnownFileType = sourcecode.swift; path = ViewModifiers.swift; sourceTree = "<group>"; };
		296A97532C77C93A002744A4 /* ViewExtensions.swift */ = {isa = PBXFileReference; lastKnownFileType = sourcecode.swift; path = ViewExtensions.swift; sourceTree = "<group>"; };
		29A312962C751D4F00BE0918 /* Places.app */ = {isa = PBXFileReference; explicitFileType = wrapper.application; includeInIndex = 0; path = Places.app; sourceTree = BUILT_PRODUCTS_DIR; };
		29A312992C751D4F00BE0918 /* PlacesApp.swift */ = {isa = PBXFileReference; lastKnownFileType = sourcecode.swift; path = PlacesApp.swift; sourceTree = "<group>"; };
		29A3129D2C751D4F00BE0918 /* Item.swift */ = {isa = PBXFileReference; lastKnownFileType = sourcecode.swift; path = Item.swift; sourceTree = "<group>"; };
		29A3129F2C751D5000BE0918 /* Assets.xcassets */ = {isa = PBXFileReference; lastKnownFileType = folder.assetcatalog; path = Assets.xcassets; sourceTree = "<group>"; };
		29A312A12C751D5000BE0918 /* Places.entitlements */ = {isa = PBXFileReference; lastKnownFileType = text.plist.entitlements; path = Places.entitlements; sourceTree = "<group>"; };
		29A312A32C751D5000BE0918 /* Preview Assets.xcassets */ = {isa = PBXFileReference; lastKnownFileType = folder.assetcatalog; path = "Preview Assets.xcassets"; sourceTree = "<group>"; };
		29A312A92C751D5000BE0918 /* PlacesTests.xctest */ = {isa = PBXFileReference; explicitFileType = wrapper.cfbundle; includeInIndex = 0; path = PlacesTests.xctest; sourceTree = BUILT_PRODUCTS_DIR; };
		29A312B32C751D5000BE0918 /* PlacesUITests.xctest */ = {isa = PBXFileReference; explicitFileType = wrapper.cfbundle; includeInIndex = 0; path = PlacesUITests.xctest; sourceTree = BUILT_PRODUCTS_DIR; };
		29A312B72C751D5000BE0918 /* PlacesUITests.swift */ = {isa = PBXFileReference; lastKnownFileType = sourcecode.swift; path = PlacesUITests.swift; sourceTree = "<group>"; };
		29A312B92C751D5000BE0918 /* PlacesUITestsLaunchTests.swift */ = {isa = PBXFileReference; lastKnownFileType = sourcecode.swift; path = PlacesUITestsLaunchTests.swift; sourceTree = "<group>"; };
		29A312C62C751DD400BE0918 /* LocationsView.swift */ = {isa = PBXFileReference; lastKnownFileType = sourcecode.swift; path = LocationsView.swift; sourceTree = "<group>"; };
		29A312CA2C75215F00BE0918 /* NetworkManager.swift */ = {isa = PBXFileReference; lastKnownFileType = sourcecode.swift; path = NetworkManager.swift; sourceTree = "<group>"; };
		29A312CC2C7521B900BE0918 /* BaseRequest.swift */ = {isa = PBXFileReference; lastKnownFileType = sourcecode.swift; path = BaseRequest.swift; sourceTree = "<group>"; };
		29A312CE2C75221200BE0918 /* LocationsViewModel.swift */ = {isa = PBXFileReference; lastKnownFileType = sourcecode.swift; path = LocationsViewModel.swift; sourceTree = "<group>"; };
		29A312D02C75226500BE0918 /* LocationsRequest.swift */ = {isa = PBXFileReference; lastKnownFileType = sourcecode.swift; path = LocationsRequest.swift; sourceTree = "<group>"; };
		29A312D32C7522CF00BE0918 /* Locations.swift */ = {isa = PBXFileReference; lastKnownFileType = sourcecode.swift; path = Locations.swift; sourceTree = "<group>"; };
		29A312D62C75241600BE0918 /* DictionaryExtension.swift */ = {isa = PBXFileReference; lastKnownFileType = sourcecode.swift; path = DictionaryExtension.swift; sourceTree = "<group>"; };
		29A312D82C75243D00BE0918 /* EncodableExtension.swift */ = {isa = PBXFileReference; lastKnownFileType = sourcecode.swift; path = EncodableExtension.swift; sourceTree = "<group>"; };
		29A312E12C75314F00BE0918 /* en */ = {isa = PBXFileReference; lastKnownFileType = text.plist.strings; name = en; path = en.lproj/Localizable.strings; sourceTree = "<group>"; };
		29A312E32C75318400BE0918 /* LocalizableStrings.swift */ = {isa = PBXFileReference; lastKnownFileType = sourcecode.swift; path = LocalizableStrings.swift; sourceTree = "<group>"; };
		29A312E52C7531B500BE0918 /* tr */ = {isa = PBXFileReference; lastKnownFileType = text.plist.strings; name = tr; path = tr.lproj/Localizable.strings; sourceTree = "<group>"; };
		29A312E62C75363600BE0918 /* StringExtension.swift */ = {isa = PBXFileReference; lastKnownFileType = sourcecode.swift; path = StringExtension.swift; sourceTree = "<group>"; };
		29A312E92C753D3700BE0918 /* PopupView.swift */ = {isa = PBXFileReference; lastKnownFileType = sourcecode.swift; path = PopupView.swift; sourceTree = "<group>"; };
		29A312F02C7605FD00BE0918 /* Info.plist */ = {isa = PBXFileReference; lastKnownFileType = text.plist; path = Info.plist; sourceTree = "<group>"; };
		29A312F12C760E0200BE0918 /* FormatHelper.swift */ = {isa = PBXFileReference; lastKnownFileType = sourcecode.swift; path = FormatHelper.swift; sourceTree = "<group>"; };
		29A312F32C760E1B00BE0918 /* DeeplinkHelper.swift */ = {isa = PBXFileReference; lastKnownFileType = sourcecode.swift; path = DeeplinkHelper.swift; sourceTree = "<group>"; };
		29A313022C77580C00BE0918 /* StringExtensionTests.swift */ = {isa = PBXFileReference; lastKnownFileType = sourcecode.swift; path = StringExtensionTests.swift; sourceTree = "<group>"; };
		29A313042C775ACF00BE0918 /* FormatterTests.swift */ = {isa = PBXFileReference; lastKnownFileType = sourcecode.swift; path = FormatterTests.swift; sourceTree = "<group>"; };
		29A313062C775CFC00BE0918 /* DictionaryExtentionTests.swift */ = {isa = PBXFileReference; lastKnownFileType = sourcecode.swift; path = DictionaryExtentionTests.swift; sourceTree = "<group>"; };
		29A3130B2C7761AD00BE0918 /* MockNetworkManager.swift */ = {isa = PBXFileReference; lastKnownFileType = sourcecode.swift; path = MockNetworkManager.swift; sourceTree = "<group>"; };
		29A313162C7762B700BE0918 /* en */ = {isa = PBXFileReference; lastKnownFileType = text.json; name = en; path = en.lproj/LocationDummy.json; sourceTree = "<group>"; };
		29A313182C7762E900BE0918 /* LocationViewModelTests.swift */ = {isa = PBXFileReference; lastKnownFileType = sourcecode.swift; path = LocationViewModelTests.swift; sourceTree = "<group>"; };
		29A3131A2C77647500BE0918 /* Mockable.swift */ = {isa = PBXFileReference; lastKnownFileType = sourcecode.swift; path = Mockable.swift; sourceTree = "<group>"; };
/* End PBXFileReference section */

/* Begin PBXFrameworksBuildPhase section */
		29A312932C751D4F00BE0918 /* Frameworks */ = {
			isa = PBXFrameworksBuildPhase;
			buildActionMask = 2147483647;
			files = (
			);
			runOnlyForDeploymentPostprocessing = 0;
		};
		29A312A62C751D5000BE0918 /* Frameworks */ = {
			isa = PBXFrameworksBuildPhase;
			buildActionMask = 2147483647;
			files = (
			);
			runOnlyForDeploymentPostprocessing = 0;
		};
		29A312B02C751D5000BE0918 /* Frameworks */ = {
			isa = PBXFrameworksBuildPhase;
			buildActionMask = 2147483647;
			files = (
			);
			runOnlyForDeploymentPostprocessing = 0;
		};
/* End PBXFrameworksBuildPhase section */

/* Begin PBXGroup section */
		29A3128D2C751D4F00BE0918 = {
			isa = PBXGroup;
			children = (
				29A312982C751D4F00BE0918 /* Places */,
				29A312AC2C751D5000BE0918 /* PlacesTests */,
				29A312B62C751D5000BE0918 /* PlacesUITests */,
				29A312972C751D4F00BE0918 /* Products */,
			);
			sourceTree = "<group>";
		};
		29A312972C751D4F00BE0918 /* Products */ = {
			isa = PBXGroup;
			children = (
				29A312962C751D4F00BE0918 /* Places.app */,
				29A312A92C751D5000BE0918 /* PlacesTests.xctest */,
				29A312B32C751D5000BE0918 /* PlacesUITests.xctest */,
			);
			name = Products;
			sourceTree = "<group>";
		};
		29A312982C751D4F00BE0918 /* Places */ = {
			isa = PBXGroup;
			children = (
				29A312F02C7605FD00BE0918 /* Info.plist */,
				29A312E32C75318400BE0918 /* LocalizableStrings.swift */,
				29A312C82C75210900BE0918 /* Network */,
				29A312C92C75211600BE0918 /* Scenes */,
				29A312D52C7523E400BE0918 /* Extentions */,
				29A312EB2C75FF6D00BE0918 /* Helper */,
				29A312E82C753D1C00BE0918 /* CustomViews */,
				29A312992C751D4F00BE0918 /* PlacesApp.swift */,
				296A97512C77C8AF002744A4 /* ViewModifiers.swift */,
				29A3129D2C751D4F00BE0918 /* Item.swift */,
				29A3129F2C751D5000BE0918 /* Assets.xcassets */,
				29A312A12C751D5000BE0918 /* Places.entitlements */,
				29A312E02C75314F00BE0918 /* Localizable.strings */,
				29A312A22C751D5000BE0918 /* Preview Content */,
			);
			path = Places;
			sourceTree = "<group>";
		};
		29A312A22C751D5000BE0918 /* Preview Content */ = {
			isa = PBXGroup;
			children = (
				29A312A32C751D5000BE0918 /* Preview Assets.xcassets */,
			);
			path = "Preview Content";
			sourceTree = "<group>";
		};
		29A312AC2C751D5000BE0918 /* PlacesTests */ = {
			isa = PBXGroup;
			children = (
				29A3130D2C77621400BE0918 /* DummyData */,
				29A3130A2C77619800BE0918 /* Mock */,
				29A313042C775ACF00BE0918 /* FormatterTests.swift */,
				29A313022C77580C00BE0918 /* StringExtensionTests.swift */,
				29A313062C775CFC00BE0918 /* DictionaryExtentionTests.swift */,
				29A313182C7762E900BE0918 /* LocationViewModelTests.swift */,
			);
			path = PlacesTests;
			sourceTree = "<group>";
		};
		29A312B62C751D5000BE0918 /* PlacesUITests */ = {
			isa = PBXGroup;
			children = (
				29A312B72C751D5000BE0918 /* PlacesUITests.swift */,
				29A312B92C751D5000BE0918 /* PlacesUITestsLaunchTests.swift */,
			);
			path = PlacesUITests;
			sourceTree = "<group>";
		};
		29A312C82C75210900BE0918 /* Network */ = {
			isa = PBXGroup;
			children = (
				29A312CA2C75215F00BE0918 /* NetworkManager.swift */,
				29A312CC2C7521B900BE0918 /* BaseRequest.swift */,
				29A312D02C75226500BE0918 /* LocationsRequest.swift */,
			);
			path = Network;
			sourceTree = "<group>";
		};
		29A312C92C75211600BE0918 /* Scenes */ = {
			isa = PBXGroup;
			children = (
				29A312D22C7522A300BE0918 /* Locations */,
			);
			path = Scenes;
			sourceTree = "<group>";
		};
		29A312D22C7522A300BE0918 /* Locations */ = {
			isa = PBXGroup;
			children = (
				29A312C62C751DD400BE0918 /* LocationsView.swift */,
				29A312CE2C75221200BE0918 /* LocationsViewModel.swift */,
				29A312D32C7522CF00BE0918 /* Locations.swift */,
			);
			path = Locations;
			sourceTree = "<group>";
		};
		29A312D52C7523E400BE0918 /* Extentions */ = {
			isa = PBXGroup;
			children = (
				29A312D62C75241600BE0918 /* DictionaryExtension.swift */,
				29A312D82C75243D00BE0918 /* EncodableExtension.swift */,
				29A312E62C75363600BE0918 /* StringExtension.swift */,
				296A97532C77C93A002744A4 /* ViewExtensions.swift */,
			);
			path = Extentions;
			sourceTree = "<group>";
		};
		29A312E82C753D1C00BE0918 /* CustomViews */ = {
			isa = PBXGroup;
			children = (
				29A312E92C753D3700BE0918 /* PopupView.swift */,
			);
			path = CustomViews;
			sourceTree = "<group>";
		};
		29A312EB2C75FF6D00BE0918 /* Helper */ = {
			isa = PBXGroup;
			children = (
				29A312F12C760E0200BE0918 /* FormatHelper.swift */,
				29A312F32C760E1B00BE0918 /* DeeplinkHelper.swift */,
			);
			path = Helper;
			sourceTree = "<group>";
		};
		29A3130A2C77619800BE0918 /* Mock */ = {
			isa = PBXGroup;
			children = (
				29A3131A2C77647500BE0918 /* Mockable.swift */,
				29A3130B2C7761AD00BE0918 /* MockNetworkManager.swift */,
			);
			path = Mock;
			sourceTree = "<group>";
		};
		29A3130D2C77621400BE0918 /* DummyData */ = {
			isa = PBXGroup;
			children = (
				29A313152C7762B700BE0918 /* LocationDummy.json */,
			);
			path = DummyData;
			sourceTree = "<group>";
		};
/* End PBXGroup section */

/* Begin PBXNativeTarget section */
		29A312952C751D4F00BE0918 /* Places */ = {
			isa = PBXNativeTarget;
			buildConfigurationList = 29A312BD2C751D5000BE0918 /* Build configuration list for PBXNativeTarget "Places" */;
			buildPhases = (
				29A312922C751D4F00BE0918 /* Sources */,
				29A312932C751D4F00BE0918 /* Frameworks */,
				29A312942C751D4F00BE0918 /* Resources */,
			);
			buildRules = (
			);
			dependencies = (
			);
			name = Places;
			productName = Places;
			productReference = 29A312962C751D4F00BE0918 /* Places.app */;
			productType = "com.apple.product-type.application";
		};
		29A312A82C751D5000BE0918 /* PlacesTests */ = {
			isa = PBXNativeTarget;
			buildConfigurationList = 29A312C02C751D5000BE0918 /* Build configuration list for PBXNativeTarget "PlacesTests" */;
			buildPhases = (
				29A312A52C751D5000BE0918 /* Sources */,
				29A312A62C751D5000BE0918 /* Frameworks */,
				29A312A72C751D5000BE0918 /* Resources */,
			);
			buildRules = (
			);
			dependencies = (
				29A312AB2C751D5000BE0918 /* PBXTargetDependency */,
			);
			name = PlacesTests;
			productName = PlacesTests;
			productReference = 29A312A92C751D5000BE0918 /* PlacesTests.xctest */;
			productType = "com.apple.product-type.bundle.unit-test";
		};
		29A312B22C751D5000BE0918 /* PlacesUITests */ = {
			isa = PBXNativeTarget;
			buildConfigurationList = 29A312C32C751D5000BE0918 /* Build configuration list for PBXNativeTarget "PlacesUITests" */;
			buildPhases = (
				29A312AF2C751D5000BE0918 /* Sources */,
				29A312B02C751D5000BE0918 /* Frameworks */,
				29A312B12C751D5000BE0918 /* Resources */,
			);
			buildRules = (
			);
			dependencies = (
				29A312B52C751D5000BE0918 /* PBXTargetDependency */,
			);
			name = PlacesUITests;
			productName = PlacesUITests;
			productReference = 29A312B32C751D5000BE0918 /* PlacesUITests.xctest */;
			productType = "com.apple.product-type.bundle.ui-testing";
		};
/* End PBXNativeTarget section */

/* Begin PBXProject section */
		29A3128E2C751D4F00BE0918 /* Project object */ = {
			isa = PBXProject;
			attributes = {
				BuildIndependentTargetsInParallel = 1;
				LastSwiftUpdateCheck = 1530;
				LastUpgradeCheck = 1530;
				TargetAttributes = {
					29A312952C751D4F00BE0918 = {
						CreatedOnToolsVersion = 15.3;
					};
					29A312A82C751D5000BE0918 = {
						CreatedOnToolsVersion = 15.3;
						TestTargetID = 29A312952C751D4F00BE0918;
					};
					29A312B22C751D5000BE0918 = {
						CreatedOnToolsVersion = 15.3;
						TestTargetID = 29A312952C751D4F00BE0918;
					};
				};
			};
			buildConfigurationList = 29A312912C751D4F00BE0918 /* Build configuration list for PBXProject "Places" */;
			compatibilityVersion = "Xcode 14.0";
			developmentRegion = en;
			hasScannedForEncodings = 0;
			knownRegions = (
				en,
				Base,
				tr,
			);
			mainGroup = 29A3128D2C751D4F00BE0918;
			productRefGroup = 29A312972C751D4F00BE0918 /* Products */;
			projectDirPath = "";
			projectRoot = "";
			targets = (
				29A312952C751D4F00BE0918 /* Places */,
				29A312A82C751D5000BE0918 /* PlacesTests */,
				29A312B22C751D5000BE0918 /* PlacesUITests */,
			);
		};
/* End PBXProject section */

/* Begin PBXResourcesBuildPhase section */
		29A312942C751D4F00BE0918 /* Resources */ = {
			isa = PBXResourcesBuildPhase;
			buildActionMask = 2147483647;
			files = (
				29A312A42C751D5000BE0918 /* Preview Assets.xcassets in Resources */,
				29A312E22C75314F00BE0918 /* Localizable.strings in Resources */,
				29A312A02C751D5000BE0918 /* Assets.xcassets in Resources */,
			);
			runOnlyForDeploymentPostprocessing = 0;
		};
		29A312A72C751D5000BE0918 /* Resources */ = {
			isa = PBXResourcesBuildPhase;
			buildActionMask = 2147483647;
			files = (
				29A313172C7762B700BE0918 /* LocationDummy.json in Resources */,
			);
			runOnlyForDeploymentPostprocessing = 0;
		};
		29A312B12C751D5000BE0918 /* Resources */ = {
			isa = PBXResourcesBuildPhase;
			buildActionMask = 2147483647;
			files = (
			);
			runOnlyForDeploymentPostprocessing = 0;
		};
/* End PBXResourcesBuildPhase section */

/* Begin PBXSourcesBuildPhase section */
		29A312922C751D4F00BE0918 /* Sources */ = {
			isa = PBXSourcesBuildPhase;
			buildActionMask = 2147483647;
			files = (
				29A312D72C75241600BE0918 /* DictionaryExtension.swift in Sources */,
				29A312CD2C7521B900BE0918 /* BaseRequest.swift in Sources */,
				29A312CF2C75221200BE0918 /* LocationsViewModel.swift in Sources */,
				29A312D92C75243D00BE0918 /* EncodableExtension.swift in Sources */,
				29A312CB2C75215F00BE0918 /* NetworkManager.swift in Sources */,
				29A312F22C760E0200BE0918 /* FormatHelper.swift in Sources */,
				29A312E42C75318500BE0918 /* LocalizableStrings.swift in Sources */,
				296A97522C77C8AF002744A4 /* ViewModifiers.swift in Sources */,
				29A312C72C751DD400BE0918 /* LocationsView.swift in Sources */,
				29A312D12C75226500BE0918 /* LocationsRequest.swift in Sources */,
				29A312F42C760E1B00BE0918 /* DeeplinkHelper.swift in Sources */,
				29A312E72C75363600BE0918 /* StringExtension.swift in Sources */,
				296A97542C77C93A002744A4 /* ViewExtensions.swift in Sources */,
				29A3129E2C751D4F00BE0918 /* Item.swift in Sources */,
				29A312D42C7522CF00BE0918 /* Locations.swift in Sources */,
				29A3129A2C751D4F00BE0918 /* PlacesApp.swift in Sources */,
				29A312EA2C753D3700BE0918 /* PopupView.swift in Sources */,
			);
			runOnlyForDeploymentPostprocessing = 0;
		};
		29A312A52C751D5000BE0918 /* Sources */ = {
			isa = PBXSourcesBuildPhase;
			buildActionMask = 2147483647;
			files = (
				29A313072C775CFC00BE0918 /* DictionaryExtentionTests.swift in Sources */,
				29A3131B2C77647500BE0918 /* Mockable.swift in Sources */,
				29A313052C775ACF00BE0918 /* FormatterTests.swift in Sources */,
				29A3130C2C7761AD00BE0918 /* MockNetworkManager.swift in Sources */,
				29A313032C77580C00BE0918 /* StringExtensionTests.swift in Sources */,
				29A313192C7762E900BE0918 /* LocationViewModelTests.swift in Sources */,
			);
			runOnlyForDeploymentPostprocessing = 0;
		};
		29A312AF2C751D5000BE0918 /* Sources */ = {
			isa = PBXSourcesBuildPhase;
			buildActionMask = 2147483647;
			files = (
				29A312BA2C751D5000BE0918 /* PlacesUITestsLaunchTests.swift in Sources */,
				29A312B82C751D5000BE0918 /* PlacesUITests.swift in Sources */,
			);
			runOnlyForDeploymentPostprocessing = 0;
		};
/* End PBXSourcesBuildPhase section */

/* Begin PBXTargetDependency section */
		29A312AB2C751D5000BE0918 /* PBXTargetDependency */ = {
			isa = PBXTargetDependency;
			target = 29A312952C751D4F00BE0918 /* Places */;
			targetProxy = 29A312AA2C751D5000BE0918 /* PBXContainerItemProxy */;
		};
		29A312B52C751D5000BE0918 /* PBXTargetDependency */ = {
			isa = PBXTargetDependency;
			target = 29A312952C751D4F00BE0918 /* Places */;
			targetProxy = 29A312B42C751D5000BE0918 /* PBXContainerItemProxy */;
		};
/* End PBXTargetDependency section */

/* Begin PBXVariantGroup section */
		29A312E02C75314F00BE0918 /* Localizable.strings */ = {
			isa = PBXVariantGroup;
			children = (
				29A312E12C75314F00BE0918 /* en */,
				29A312E52C7531B500BE0918 /* tr */,
			);
			name = Localizable.strings;
			sourceTree = "<group>";
		};
		29A313152C7762B700BE0918 /* LocationDummy.json */ = {
			isa = PBXVariantGroup;
			children = (
				29A313162C7762B700BE0918 /* en */,
			);
			name = LocationDummy.json;
			sourceTree = "<group>";
		};
/* End PBXVariantGroup section */

/* Begin XCBuildConfiguration section */
		29A312BB2C751D5000BE0918 /* Debug */ = {
			isa = XCBuildConfiguration;
			buildSettings = {
				ALWAYS_SEARCH_USER_PATHS = NO;
				ASSETCATALOG_COMPILER_GENERATE_SWIFT_ASSET_SYMBOL_EXTENSIONS = YES;
				CLANG_ANALYZER_LOCALIZABILITY_NONLOCALIZED = YES;
				CLANG_ANALYZER_NONNULL = YES;
				CLANG_ANALYZER_NUMBER_OBJECT_CONVERSION = YES_AGGRESSIVE;
				CLANG_CXX_LANGUAGE_STANDARD = "gnu++20";
				CLANG_ENABLE_MODULES = YES;
				CLANG_ENABLE_OBJC_ARC = YES;
				CLANG_ENABLE_OBJC_WEAK = YES;
				CLANG_WARN_BLOCK_CAPTURE_AUTORELEASING = YES;
				CLANG_WARN_BOOL_CONVERSION = YES;
				CLANG_WARN_COMMA = YES;
				CLANG_WARN_CONSTANT_CONVERSION = YES;
				CLANG_WARN_DEPRECATED_OBJC_IMPLEMENTATIONS = YES;
				CLANG_WARN_DIRECT_OBJC_ISA_USAGE = YES_ERROR;
				CLANG_WARN_DOCUMENTATION_COMMENTS = YES;
				CLANG_WARN_EMPTY_BODY = YES;
				CLANG_WARN_ENUM_CONVERSION = YES;
				CLANG_WARN_INFINITE_RECURSION = YES;
				CLANG_WARN_INT_CONVERSION = YES;
				CLANG_WARN_NON_LITERAL_NULL_CONVERSION = YES;
				CLANG_WARN_OBJC_IMPLICIT_RETAIN_SELF = YES;
				CLANG_WARN_OBJC_LITERAL_CONVERSION = YES;
				CLANG_WARN_OBJC_ROOT_CLASS = YES_ERROR;
				CLANG_WARN_QUOTED_INCLUDE_IN_FRAMEWORK_HEADER = YES;
				CLANG_WARN_RANGE_LOOP_ANALYSIS = YES;
				CLANG_WARN_STRICT_PROTOTYPES = YES;
				CLANG_WARN_SUSPICIOUS_MOVE = YES;
				CLANG_WARN_UNGUARDED_AVAILABILITY = YES_AGGRESSIVE;
				CLANG_WARN_UNREACHABLE_CODE = YES;
				CLANG_WARN__DUPLICATE_METHOD_MATCH = YES;
				COPY_PHASE_STRIP = NO;
				DEBUG_INFORMATION_FORMAT = dwarf;
				ENABLE_STRICT_OBJC_MSGSEND = YES;
				ENABLE_TESTABILITY = YES;
				ENABLE_USER_SCRIPT_SANDBOXING = YES;
				GCC_C_LANGUAGE_STANDARD = gnu17;
				GCC_DYNAMIC_NO_PIC = NO;
				GCC_NO_COMMON_BLOCKS = YES;
				GCC_OPTIMIZATION_LEVEL = 0;
				GCC_PREPROCESSOR_DEFINITIONS = (
					"DEBUG=1",
					"$(inherited)",
				);
				GCC_WARN_64_TO_32_BIT_CONVERSION = YES;
				GCC_WARN_ABOUT_RETURN_TYPE = YES_ERROR;
				GCC_WARN_UNDECLARED_SELECTOR = YES;
				GCC_WARN_UNINITIALIZED_AUTOS = YES_AGGRESSIVE;
				GCC_WARN_UNUSED_FUNCTION = YES;
				GCC_WARN_UNUSED_VARIABLE = YES;
				LOCALIZATION_PREFERS_STRING_CATALOGS = YES;
				MTL_ENABLE_DEBUG_INFO = INCLUDE_SOURCE;
				MTL_FAST_MATH = YES;
				ONLY_ACTIVE_ARCH = YES;
				SWIFT_ACTIVE_COMPILATION_CONDITIONS = "DEBUG $(inherited)";
				SWIFT_OPTIMIZATION_LEVEL = "-Onone";
			};
			name = Debug;
		};
		29A312BC2C751D5000BE0918 /* Release */ = {
			isa = XCBuildConfiguration;
			buildSettings = {
				ALWAYS_SEARCH_USER_PATHS = NO;
				ASSETCATALOG_COMPILER_GENERATE_SWIFT_ASSET_SYMBOL_EXTENSIONS = YES;
				CLANG_ANALYZER_LOCALIZABILITY_NONLOCALIZED = YES;
				CLANG_ANALYZER_NONNULL = YES;
				CLANG_ANALYZER_NUMBER_OBJECT_CONVERSION = YES_AGGRESSIVE;
				CLANG_CXX_LANGUAGE_STANDARD = "gnu++20";
				CLANG_ENABLE_MODULES = YES;
				CLANG_ENABLE_OBJC_ARC = YES;
				CLANG_ENABLE_OBJC_WEAK = YES;
				CLANG_WARN_BLOCK_CAPTURE_AUTORELEASING = YES;
				CLANG_WARN_BOOL_CONVERSION = YES;
				CLANG_WARN_COMMA = YES;
				CLANG_WARN_CONSTANT_CONVERSION = YES;
				CLANG_WARN_DEPRECATED_OBJC_IMPLEMENTATIONS = YES;
				CLANG_WARN_DIRECT_OBJC_ISA_USAGE = YES_ERROR;
				CLANG_WARN_DOCUMENTATION_COMMENTS = YES;
				CLANG_WARN_EMPTY_BODY = YES;
				CLANG_WARN_ENUM_CONVERSION = YES;
				CLANG_WARN_INFINITE_RECURSION = YES;
				CLANG_WARN_INT_CONVERSION = YES;
				CLANG_WARN_NON_LITERAL_NULL_CONVERSION = YES;
				CLANG_WARN_OBJC_IMPLICIT_RETAIN_SELF = YES;
				CLANG_WARN_OBJC_LITERAL_CONVERSION = YES;
				CLANG_WARN_OBJC_ROOT_CLASS = YES_ERROR;
				CLANG_WARN_QUOTED_INCLUDE_IN_FRAMEWORK_HEADER = YES;
				CLANG_WARN_RANGE_LOOP_ANALYSIS = YES;
				CLANG_WARN_STRICT_PROTOTYPES = YES;
				CLANG_WARN_SUSPICIOUS_MOVE = YES;
				CLANG_WARN_UNGUARDED_AVAILABILITY = YES_AGGRESSIVE;
				CLANG_WARN_UNREACHABLE_CODE = YES;
				CLANG_WARN__DUPLICATE_METHOD_MATCH = YES;
				COPY_PHASE_STRIP = NO;
				DEBUG_INFORMATION_FORMAT = "dwarf-with-dsym";
				ENABLE_NS_ASSERTIONS = NO;
				ENABLE_STRICT_OBJC_MSGSEND = YES;
				ENABLE_USER_SCRIPT_SANDBOXING = YES;
				GCC_C_LANGUAGE_STANDARD = gnu17;
				GCC_NO_COMMON_BLOCKS = YES;
				GCC_WARN_64_TO_32_BIT_CONVERSION = YES;
				GCC_WARN_ABOUT_RETURN_TYPE = YES_ERROR;
				GCC_WARN_UNDECLARED_SELECTOR = YES;
				GCC_WARN_UNINITIALIZED_AUTOS = YES_AGGRESSIVE;
				GCC_WARN_UNUSED_FUNCTION = YES;
				GCC_WARN_UNUSED_VARIABLE = YES;
				LOCALIZATION_PREFERS_STRING_CATALOGS = YES;
				MTL_ENABLE_DEBUG_INFO = NO;
				MTL_FAST_MATH = YES;
				SWIFT_COMPILATION_MODE = wholemodule;
			};
			name = Release;
		};
		29A312BE2C751D5000BE0918 /* Debug */ = {
			isa = XCBuildConfiguration;
			buildSettings = {
				ASSETCATALOG_COMPILER_APPICON_NAME = AppIcon;
				ASSETCATALOG_COMPILER_GLOBAL_ACCENT_COLOR_NAME = AccentColor;
				CODE_SIGN_ENTITLEMENTS = Places/Places.entitlements;
				CODE_SIGN_STYLE = Automatic;
				CURRENT_PROJECT_VERSION = 1;
				DEVELOPMENT_ASSET_PATHS = "\"Places/Preview Content\"";
				DEVELOPMENT_TEAM = SS69B87VMV;
				ENABLE_HARDENED_RUNTIME = YES;
				ENABLE_PREVIEWS = YES;
				GENERATE_INFOPLIST_FILE = YES;
				INFOPLIST_FILE = Places/Info.plist;
				INFOPLIST_KEY_CFBundleDisplayName = "";
				INFOPLIST_KEY_LSApplicationCategoryType = "";
				"INFOPLIST_KEY_UIApplicationSceneManifest_Generation[sdk=iphoneos*]" = YES;
				"INFOPLIST_KEY_UIApplicationSceneManifest_Generation[sdk=iphonesimulator*]" = YES;
				"INFOPLIST_KEY_UIApplicationSupportsIndirectInputEvents[sdk=iphoneos*]" = YES;
				"INFOPLIST_KEY_UIApplicationSupportsIndirectInputEvents[sdk=iphonesimulator*]" = YES;
				"INFOPLIST_KEY_UILaunchScreen_Generation[sdk=iphoneos*]" = YES;
				"INFOPLIST_KEY_UILaunchScreen_Generation[sdk=iphonesimulator*]" = YES;
				"INFOPLIST_KEY_UIStatusBarStyle[sdk=iphoneos*]" = UIStatusBarStyleDefault;
				"INFOPLIST_KEY_UIStatusBarStyle[sdk=iphonesimulator*]" = UIStatusBarStyleDefault;
				INFOPLIST_KEY_UISupportedInterfaceOrientations_iPad = "UIInterfaceOrientationPortrait UIInterfaceOrientationPortraitUpsideDown UIInterfaceOrientationLandscapeLeft UIInterfaceOrientationLandscapeRight";
				INFOPLIST_KEY_UISupportedInterfaceOrientations_iPhone = "UIInterfaceOrientationPortrait UIInterfaceOrientationLandscapeLeft UIInterfaceOrientationLandscapeRight";
				IPHONEOS_DEPLOYMENT_TARGET = 17.4;
				LD_RUNPATH_SEARCH_PATHS = "@executable_path/Frameworks";
				"LD_RUNPATH_SEARCH_PATHS[sdk=macosx*]" = "@executable_path/../Frameworks";
				MACOSX_DEPLOYMENT_TARGET = 14.0;
				MARKETING_VERSION = 1.0;
				PRODUCT_BUNDLE_IDENTIFIER = com.glnygl.Places;
				PRODUCT_NAME = "$(TARGET_NAME)";
				SDKROOT = auto;
				SUPPORTED_PLATFORMS = "iphoneos iphonesimulator macosx";
				SWIFT_EMIT_LOC_STRINGS = YES;
				SWIFT_VERSION = 5.0;
				TARGETED_DEVICE_FAMILY = "1,2";
			};
			name = Debug;
		};
		29A312BF2C751D5000BE0918 /* Release */ = {
			isa = XCBuildConfiguration;
			buildSettings = {
				ASSETCATALOG_COMPILER_APPICON_NAME = AppIcon;
				ASSETCATALOG_COMPILER_GLOBAL_ACCENT_COLOR_NAME = AccentColor;
				CODE_SIGN_ENTITLEMENTS = Places/Places.entitlements;
				CODE_SIGN_STYLE = Automatic;
				CURRENT_PROJECT_VERSION = 1;
				DEVELOPMENT_ASSET_PATHS = "\"Places/Preview Content\"";
				DEVELOPMENT_TEAM = SS69B87VMV;
				ENABLE_HARDENED_RUNTIME = YES;
				ENABLE_PREVIEWS = YES;
				GENERATE_INFOPLIST_FILE = YES;
				INFOPLIST_FILE = Places/Info.plist;
				INFOPLIST_KEY_CFBundleDisplayName = "";
				INFOPLIST_KEY_LSApplicationCategoryType = "";
				"INFOPLIST_KEY_UIApplicationSceneManifest_Generation[sdk=iphoneos*]" = YES;
				"INFOPLIST_KEY_UIApplicationSceneManifest_Generation[sdk=iphonesimulator*]" = YES;
				"INFOPLIST_KEY_UIApplicationSupportsIndirectInputEvents[sdk=iphoneos*]" = YES;
				"INFOPLIST_KEY_UIApplicationSupportsIndirectInputEvents[sdk=iphonesimulator*]" = YES;
				"INFOPLIST_KEY_UILaunchScreen_Generation[sdk=iphoneos*]" = YES;
				"INFOPLIST_KEY_UILaunchScreen_Generation[sdk=iphonesimulator*]" = YES;
				"INFOPLIST_KEY_UIStatusBarStyle[sdk=iphoneos*]" = UIStatusBarStyleDefault;
				"INFOPLIST_KEY_UIStatusBarStyle[sdk=iphonesimulator*]" = UIStatusBarStyleDefault;
				INFOPLIST_KEY_UISupportedInterfaceOrientations_iPad = "UIInterfaceOrientationPortrait UIInterfaceOrientationPortraitUpsideDown UIInterfaceOrientationLandscapeLeft UIInterfaceOrientationLandscapeRight";
				INFOPLIST_KEY_UISupportedInterfaceOrientations_iPhone = "UIInterfaceOrientationPortrait UIInterfaceOrientationLandscapeLeft UIInterfaceOrientationLandscapeRight";
				IPHONEOS_DEPLOYMENT_TARGET = 17.4;
				LD_RUNPATH_SEARCH_PATHS = "@executable_path/Frameworks";
				"LD_RUNPATH_SEARCH_PATHS[sdk=macosx*]" = "@executable_path/../Frameworks";
				MACOSX_DEPLOYMENT_TARGET = 14.0;
				MARKETING_VERSION = 1.0;
				PRODUCT_BUNDLE_IDENTIFIER = com.glnygl.Places;
				PRODUCT_NAME = "$(TARGET_NAME)";
				SDKROOT = auto;
				SUPPORTED_PLATFORMS = "iphoneos iphonesimulator macosx";
				SWIFT_EMIT_LOC_STRINGS = YES;
				SWIFT_VERSION = 5.0;
				TARGETED_DEVICE_FAMILY = "1,2";
			};
			name = Release;
		};
		29A312C12C751D5000BE0918 /* Debug */ = {
			isa = XCBuildConfiguration;
			buildSettings = {
				ALWAYS_EMBED_SWIFT_STANDARD_LIBRARIES = YES;
				BUNDLE_LOADER = "$(TEST_HOST)";
				CODE_SIGN_STYLE = Automatic;
				CURRENT_PROJECT_VERSION = 1;
				DEVELOPMENT_TEAM = SS69B87VMV;
				GENERATE_INFOPLIST_FILE = YES;
				IPHONEOS_DEPLOYMENT_TARGET = 17.4;
				MACOSX_DEPLOYMENT_TARGET = 14.3;
				MARKETING_VERSION = 1.0;
				PRODUCT_BUNDLE_IDENTIFIER = com.glnygl.PlacesTests;
				PRODUCT_NAME = "$(TARGET_NAME)";
				SDKROOT = auto;
				SUPPORTED_PLATFORMS = "iphoneos iphonesimulator macosx";
				SWIFT_EMIT_LOC_STRINGS = NO;
				SWIFT_VERSION = 5.0;
				TARGETED_DEVICE_FAMILY = "1,2";
				TEST_HOST = "$(BUILT_PRODUCTS_DIR)/Places.app/$(BUNDLE_EXECUTABLE_FOLDER_PATH)/Places";
			};
			name = Debug;
		};
		29A312C22C751D5000BE0918 /* Release */ = {
			isa = XCBuildConfiguration;
			buildSettings = {
				ALWAYS_EMBED_SWIFT_STANDARD_LIBRARIES = YES;
				BUNDLE_LOADER = "$(TEST_HOST)";
				CODE_SIGN_STYLE = Automatic;
				CURRENT_PROJECT_VERSION = 1;
				DEVELOPMENT_TEAM = SS69B87VMV;
				GENERATE_INFOPLIST_FILE = YES;
				IPHONEOS_DEPLOYMENT_TARGET = 17.4;
				MACOSX_DEPLOYMENT_TARGET = 14.3;
				MARKETING_VERSION = 1.0;
				PRODUCT_BUNDLE_IDENTIFIER = com.glnygl.PlacesTests;
				PRODUCT_NAME = "$(TARGET_NAME)";
				SDKROOT = auto;
				SUPPORTED_PLATFORMS = "iphoneos iphonesimulator macosx";
				SWIFT_EMIT_LOC_STRINGS = NO;
				SWIFT_VERSION = 5.0;
				TARGETED_DEVICE_FAMILY = "1,2";
				TEST_HOST = "$(BUILT_PRODUCTS_DIR)/Places.app/$(BUNDLE_EXECUTABLE_FOLDER_PATH)/Places";
			};
			name = Release;
		};
		29A312C42C751D5000BE0918 /* Debug */ = {
			isa = XCBuildConfiguration;
			buildSettings = {
				ALWAYS_EMBED_SWIFT_STANDARD_LIBRARIES = YES;
				CODE_SIGN_STYLE = Automatic;
				CURRENT_PROJECT_VERSION = 1;
				DEVELOPMENT_TEAM = SS69B87VMV;
				GENERATE_INFOPLIST_FILE = YES;
				IPHONEOS_DEPLOYMENT_TARGET = 17.4;
				MACOSX_DEPLOYMENT_TARGET = 14.3;
				MARKETING_VERSION = 1.0;
				PRODUCT_BUNDLE_IDENTIFIER = com.glnygl.PlacesUITests;
				PRODUCT_NAME = "$(TARGET_NAME)";
				SDKROOT = auto;
				SUPPORTED_PLATFORMS = "iphoneos iphonesimulator macosx";
				SWIFT_EMIT_LOC_STRINGS = NO;
				SWIFT_VERSION = 5.0;
				TARGETED_DEVICE_FAMILY = "1,2";
				TEST_TARGET_NAME = Places;
			};
			name = Debug;
		};
		29A312C52C751D5000BE0918 /* Release */ = {
			isa = XCBuildConfiguration;
			buildSettings = {
				ALWAYS_EMBED_SWIFT_STANDARD_LIBRARIES = YES;
				CODE_SIGN_STYLE = Automatic;
				CURRENT_PROJECT_VERSION = 1;
				DEVELOPMENT_TEAM = SS69B87VMV;
				GENERATE_INFOPLIST_FILE = YES;
				IPHONEOS_DEPLOYMENT_TARGET = 17.4;
				MACOSX_DEPLOYMENT_TARGET = 14.3;
				MARKETING_VERSION = 1.0;
				PRODUCT_BUNDLE_IDENTIFIER = com.glnygl.PlacesUITests;
				PRODUCT_NAME = "$(TARGET_NAME)";
				SDKROOT = auto;
				SUPPORTED_PLATFORMS = "iphoneos iphonesimulator macosx";
				SWIFT_EMIT_LOC_STRINGS = NO;
				SWIFT_VERSION = 5.0;
				TARGETED_DEVICE_FAMILY = "1,2";
				TEST_TARGET_NAME = Places;
			};
			name = Release;
		};
/* End XCBuildConfiguration section */

/* Begin XCConfigurationList section */
		29A312912C751D4F00BE0918 /* Build configuration list for PBXProject "Places" */ = {
			isa = XCConfigurationList;
			buildConfigurations = (
				29A312BB2C751D5000BE0918 /* Debug */,
				29A312BC2C751D5000BE0918 /* Release */,
			);
			defaultConfigurationIsVisible = 0;
			defaultConfigurationName = Release;
		};
		29A312BD2C751D5000BE0918 /* Build configuration list for PBXNativeTarget "Places" */ = {
			isa = XCConfigurationList;
			buildConfigurations = (
				29A312BE2C751D5000BE0918 /* Debug */,
				29A312BF2C751D5000BE0918 /* Release */,
			);
			defaultConfigurationIsVisible = 0;
			defaultConfigurationName = Release;
		};
		29A312C02C751D5000BE0918 /* Build configuration list for PBXNativeTarget "PlacesTests" */ = {
			isa = XCConfigurationList;
			buildConfigurations = (
				29A312C12C751D5000BE0918 /* Debug */,
				29A312C22C751D5000BE0918 /* Release */,
			);
			defaultConfigurationIsVisible = 0;
			defaultConfigurationName = Release;
		};
		29A312C32C751D5000BE0918 /* Build configuration list for PBXNativeTarget "PlacesUITests" */ = {
			isa = XCConfigurationList;
			buildConfigurations = (
				29A312C42C751D5000BE0918 /* Debug */,
				29A312C52C751D5000BE0918 /* Release */,
			);
			defaultConfigurationIsVisible = 0;
			defaultConfigurationName = Release;
		};
/* End XCConfigurationList section */
	};
	rootObject = 29A3128E2C751D4F00BE0918 /* Project object */;
}
